
Microsoft Visual Studio Solution File, Format Version 12.00
# Visual Studio Version 16
VisualStudioVersion = 16.0.31829.152
MinimumVisualStudioVersion = 10.0.40219.1
Project("{9A19103F-16F7-4668-BE54-9A1E7A4F7556}") = "DataStructures", "DataStructures\DataStructures.csproj", "{770D0DD6-98A5-49D8-81A0-D7BFB892AF51}"
EndProject
Project("{9A19103F-16F7-4668-BE54-9A1E7A4F7556}") = "DataStructures.Test", "DataStructures.Test\DataStructures.Test.csproj", "{C8E3859F-20E9-48DD-8425-A639F5F4FE37}"
EndProject
Project("{FAE04EC0-301F-11D3-BF4B-00C04F79EFBC}") = "Algo-DS", "Algo-DS\Algo-DS.csproj", "{47AD595F-9000-4D43-A3D7-9ABCB65F958E}"
EndProject
Project("{FAE04EC0-301F-11D3-BF4B-00C04F79EFBC}") = "Algo-DS.Test", "Algo-DS.Test\Algo-DS.Test.csproj", "{35D8CC70-DA6B-40F8-A6AC-C0B6ED27A7F5}"
EndProject
Global
	GlobalSection(SolutionConfigurationPlatforms) = preSolution
		Debug|Any CPU = Debug|Any CPU
		Release|Any CPU = Release|Any CPU
	EndGlobalSection
	GlobalSection(ProjectConfigurationPlatforms) = postSolution
		{770D0DD6-98A5-49D8-81A0-D7BFB892AF51}.Debug|Any CPU.ActiveCfg = Debug|Any CPU
		{770D0DD6-98A5-49D8-81A0-D7BFB892AF51}.Debug|Any CPU.Build.0 = Debug|Any CPU
		{770D0DD6-98A5-49D8-81A0-D7BFB892AF51}.Release|Any CPU.ActiveCfg = Release|Any CPU
		{770D0DD6-98A5-49D8-81A0-D7BFB892AF51}.Release|Any CPU.Build.0 = Release|Any CPU
		{C8E3859F-20E9-48DD-8425-A639F5F4FE37}.Debug|Any CPU.ActiveCfg = Debug|Any CPU
		{C8E3859F-20E9-48DD-8425-A639F5F4FE37}.Debug|Any CPU.Build.0 = Debug|Any CPU
		{C8E3859F-20E9-48DD-8425-A639F5F4FE37}.Release|Any CPU.ActiveCfg = Release|Any CPU
		{C8E3859F-20E9-48DD-8425-A639F5F4FE37}.Release|Any CPU.Build.0 = Release|Any CPU
		{47AD595F-9000-4D43-A3D7-9ABCB65F958E}.Debug|Any CPU.ActiveCfg = Debug|Any CPU
		{47AD595F-9000-4D43-A3D7-9ABCB65F958E}.Debug|Any CPU.Build.0 = Debug|Any CPU
		{47AD595F-9000-4D43-A3D7-9ABCB65F958E}.Release|Any CPU.ActiveCfg = Release|Any CPU
		{47AD595F-9000-4D43-A3D7-9ABCB65F958E}.Release|Any CPU.Build.0 = Release|Any CPU
		{35D8CC70-DA6B-40F8-A6AC-C0B6ED27A7F5}.Debug|Any CPU.ActiveCfg = Debug|Any CPU
		{35D8CC70-DA6B-40F8-A6AC-C0B6ED27A7F5}.Debug|Any CPU.Build.0 = Debug|Any CPU
		{35D8CC70-DA6B-40F8-A6AC-C0B6ED27A7F5}.Release|Any CPU.ActiveCfg = Release|Any CPU
		{35D8CC70-DA6B-40F8-A6AC-C0B6ED27A7F5}.Release|Any CPU.Build.0 = Release|Any CPU
	EndGlobalSection
	GlobalSection(SolutionProperties) = preSolution
		HideSolutionNode = FALSE
	EndGlobalSection
	GlobalSection(ExtensibilityGlobals) = postSolution
		SolutionGuid = {67CAB352-AE51-493B-8CB4-DFCC5F90327E}
	EndGlobalSection
EndGlobal
